// !$*UTF8*$!
{
	archiveVersion = 1;
	classes = {
	};
	objectVersion = 50;
	objects = {

/* Begin PBXBuildFile section */
		489327C725A8341B00F7CA0B /* AppDelegate.swift in Sources */ = {isa = PBXBuildFile; fileRef = 489327C625A8341B00F7CA0B /* AppDelegate.swift */; };
		489327C925A8341B00F7CA0B /* SceneDelegate.swift in Sources */ = {isa = PBXBuildFile; fileRef = 489327C825A8341B00F7CA0B /* SceneDelegate.swift */; };
		489327D025A8341D00F7CA0B /* Assets.xcassets in Resources */ = {isa = PBXBuildFile; fileRef = 489327CF25A8341D00F7CA0B /* Assets.xcassets */; };
		489327D325A8341D00F7CA0B /* LaunchScreen.storyboard in Resources */ = {isa = PBXBuildFile; fileRef = 489327D125A8341D00F7CA0B /* LaunchScreen.storyboard */; };
		489327DE25A8393600F7CA0B /* Todo.swift in Sources */ = {isa = PBXBuildFile; fileRef = 489327DD25A8393600F7CA0B /* Todo.swift */; };
		489327E225A839C300F7CA0B /* TodoListTableViewController.swift in Sources */ = {isa = PBXBuildFile; fileRef = 489327E125A839C300F7CA0B /* TodoListTableViewController.swift */; };
		489327E625A83A8B00F7CA0B /* GlobalVariables.swift in Sources */ = {isa = PBXBuildFile; fileRef = 489327E525A83A8B00F7CA0B /* GlobalVariables.swift */; };
		489327E925A840D600F7CA0B /* TodoTableViewCell.swift in Sources */ = {isa = PBXBuildFile; fileRef = 489327E825A840D600F7CA0B /* TodoTableViewCell.swift */; };
		489327F425A8436800F7CA0B /* HorizontalStackView.swift in Sources */ = {isa = PBXBuildFile; fileRef = 489327EE25A8436800F7CA0B /* HorizontalStackView.swift */; };
		489327F525A8436800F7CA0B /* VerticalStackView.swift in Sources */ = {isa = PBXBuildFile; fileRef = 489327EF25A8436800F7CA0B /* VerticalStackView.swift */; };
		489327F625A8436800F7CA0B /* UILabel+LineSpacing.swift in Sources */ = {isa = PBXBuildFile; fileRef = 489327F125A8436800F7CA0B /* UILabel+LineSpacing.swift */; };
		489327F725A8436800F7CA0B /* UIEdgeInsetsnilAcceptable.swift in Sources */ = {isa = PBXBuildFile; fileRef = 489327F225A8436800F7CA0B /* UIEdgeInsetsnilAcceptable.swift */; };
		489327F825A8436800F7CA0B /* UIView+ConstraintLayout.swift in Sources */ = {isa = PBXBuildFile; fileRef = 489327F325A8436800F7CA0B /* UIView+ConstraintLayout.swift */; };
		48DB36CE25A92D100035A257 /* AddEditItemTableViewController.swift in Sources */ = {isa = PBXBuildFile; fileRef = 48DB36CD25A92D100035A257 /* AddEditItemTableViewController.swift */; };
		48DB36D125A931250035A257 /* AddEditIItemTableViewCell.swift in Sources */ = {isa = PBXBuildFile; fileRef = 48DB36D025A931250035A257 /* AddEditIItemTableViewCell.swift */; };
/* End PBXBuildFile section */

/* Begin PBXFileReference section */
		489327C325A8341B00F7CA0B /* TodoList.app */ = {isa = PBXFileReference; explicitFileType = wrapper.application; includeInIndex = 0; path = TodoList.app; sourceTree = BUILT_PRODUCTS_DIR; };
		489327C625A8341B00F7CA0B /* AppDelegate.swift */ = {isa = PBXFileReference; lastKnownFileType = sourcecode.swift; path = AppDelegate.swift; sourceTree = "<group>"; };
		489327C825A8341B00F7CA0B /* SceneDelegate.swift */ = {isa = PBXFileReference; lastKnownFileType = sourcecode.swift; path = SceneDelegate.swift; sourceTree = "<group>"; };
		489327CF25A8341D00F7CA0B /* Assets.xcassets */ = {isa = PBXFileReference; lastKnownFileType = folder.assetcatalog; path = Assets.xcassets; sourceTree = "<group>"; };
		489327D225A8341D00F7CA0B /* Base */ = {isa = PBXFileReference; lastKnownFileType = file.storyboard; name = Base; path = Base.lproj/LaunchScreen.storyboard; sourceTree = "<group>"; };
		489327D425A8341D00F7CA0B /* Info.plist */ = {isa = PBXFileReference; lastKnownFileType = text.plist.xml; path = Info.plist; sourceTree = "<group>"; };
		489327DD25A8393600F7CA0B /* Todo.swift */ = {isa = PBXFileReference; lastKnownFileType = sourcecode.swift; path = Todo.swift; sourceTree = "<group>"; };
		489327E125A839C300F7CA0B /* TodoListTableViewController.swift */ = {isa = PBXFileReference; lastKnownFileType = sourcecode.swift; path = TodoListTableViewController.swift; sourceTree = "<group>"; };
		489327E525A83A8B00F7CA0B /* GlobalVariables.swift */ = {isa = PBXFileReference; lastKnownFileType = sourcecode.swift; path = GlobalVariables.swift; sourceTree = "<group>"; };
		489327E825A840D600F7CA0B /* TodoTableViewCell.swift */ = {isa = PBXFileReference; lastKnownFileType = sourcecode.swift; path = TodoTableViewCell.swift; sourceTree = "<group>"; };
		489327EE25A8436800F7CA0B /* HorizontalStackView.swift */ = {isa = PBXFileReference; fileEncoding = 4; lastKnownFileType = sourcecode.swift; path = HorizontalStackView.swift; sourceTree = "<group>"; };
		489327EF25A8436800F7CA0B /* VerticalStackView.swift */ = {isa = PBXFileReference; fileEncoding = 4; lastKnownFileType = sourcecode.swift; path = VerticalStackView.swift; sourceTree = "<group>"; };
		489327F125A8436800F7CA0B /* UILabel+LineSpacing.swift */ = {isa = PBXFileReference; fileEncoding = 4; lastKnownFileType = sourcecode.swift; path = "UILabel+LineSpacing.swift"; sourceTree = "<group>"; };
		489327F225A8436800F7CA0B /* UIEdgeInsetsnilAcceptable.swift */ = {isa = PBXFileReference; fileEncoding = 4; lastKnownFileType = sourcecode.swift; path = UIEdgeInsetsnilAcceptable.swift; sourceTree = "<group>"; };
		489327F325A8436800F7CA0B /* UIView+ConstraintLayout.swift */ = {isa = PBXFileReference; fileEncoding = 4; lastKnownFileType = sourcecode.swift; path = "UIView+ConstraintLayout.swift"; sourceTree = "<group>"; };
		48DB36CD25A92D100035A257 /* AddEditItemTableViewController.swift */ = {isa = PBXFileReference; lastKnownFileType = sourcecode.swift; path = AddEditItemTableViewController.swift; sourceTree = "<group>"; };
		48DB36D025A931250035A257 /* AddEditIItemTableViewCell.swift */ = {isa = PBXFileReference; lastKnownFileType = sourcecode.swift; path = AddEditIItemTableViewCell.swift; sourceTree = "<group>"; };
/* End PBXFileReference section */

/* Begin PBXFrameworksBuildPhase section */
		489327C025A8341B00F7CA0B /* Frameworks */ = {
			isa = PBXFrameworksBuildPhase;
			buildActionMask = 2147483647;
			files = (
			);
			runOnlyForDeploymentPostprocessing = 0;
		};
/* End PBXFrameworksBuildPhase section */

/* Begin PBXGroup section */
		489327BA25A8341B00F7CA0B = {
			isa = PBXGroup;
			children = (
				489327C525A8341B00F7CA0B /* TodoList */,
				489327C425A8341B00F7CA0B /* Products */,
			);
			sourceTree = "<group>";
		};
		489327C425A8341B00F7CA0B /* Products */ = {
			isa = PBXGroup;
			children = (
				489327C325A8341B00F7CA0B /* TodoList.app */,
			);
			name = Products;
			sourceTree = "<group>";
		};
		489327C525A8341B00F7CA0B /* TodoList */ = {
			isa = PBXGroup;
			children = (
				489327EC25A8436800F7CA0B /* Utils */,
				489327C625A8341B00F7CA0B /* AppDelegate.swift */,
				489327C825A8341B00F7CA0B /* SceneDelegate.swift */,
				489327E125A839C300F7CA0B /* TodoListTableViewController.swift */,
				48DB36CD25A92D100035A257 /* AddEditItemTableViewController.swift */,
				489327DC25A8391400F7CA0B /* Model */,
				489327CF25A8341D00F7CA0B /* Assets.xcassets */,
				489327D125A8341D00F7CA0B /* LaunchScreen.storyboard */,
				489327D425A8341D00F7CA0B /* Info.plist */,
			);
			path = TodoList;
			sourceTree = "<group>";
		};
		489327DC25A8391400F7CA0B /* Model */ = {
			isa = PBXGroup;
			children = (
				489327DD25A8393600F7CA0B /* Todo.swift */,
				489327E525A83A8B00F7CA0B /* GlobalVariables.swift */,
				489327E825A840D600F7CA0B /* TodoTableViewCell.swift */,
				48DB36D025A931250035A257 /* AddEditIItemTableViewCell.swift */,
			);
			path = Model;
			sourceTree = "<group>";
		};
		489327EC25A8436800F7CA0B /* Utils */ = {
			isa = PBXGroup;
			children = (
				489327ED25A8436800F7CA0B /* Subclasses */,
				489327F025A8436800F7CA0B /* Extensions */,
			);
			path = Utils;
			sourceTree = "<group>";
		};
		489327ED25A8436800F7CA0B /* Subclasses */ = {
			isa = PBXGroup;
			children = (
				489327EE25A8436800F7CA0B /* HorizontalStackView.swift */,
				489327EF25A8436800F7CA0B /* VerticalStackView.swift */,
			);
			path = Subclasses;
			sourceTree = "<group>";
		};
		489327F025A8436800F7CA0B /* Extensions */ = {
			isa = PBXGroup;
			children = (
				489327F125A8436800F7CA0B /* UILabel+LineSpacing.swift */,
				489327F225A8436800F7CA0B /* UIEdgeInsetsnilAcceptable.swift */,
				489327F325A8436800F7CA0B /* UIView+ConstraintLayout.swift */,
			);
			path = Extensions;
			sourceTree = "<group>";
		};
/* End PBXGroup section */

/* Begin PBXNativeTarget section */
		489327C225A8341B00F7CA0B /* TodoList */ = {
			isa = PBXNativeTarget;
			buildConfigurationList = 489327D725A8341D00F7CA0B /* Build configuration list for PBXNativeTarget "TodoList" */;
			buildPhases = (
				489327BF25A8341B00F7CA0B /* Sources */,
				489327C025A8341B00F7CA0B /* Frameworks */,
				489327C125A8341B00F7CA0B /* Resources */,
			);
			buildRules = (
			);
			dependencies = (
			);
			name = TodoList;
			productName = TodoList;
			productReference = 489327C325A8341B00F7CA0B /* TodoList.app */;
			productType = "com.apple.product-type.application";
		};
/* End PBXNativeTarget section */

/* Begin PBXProject section */
		489327BB25A8341B00F7CA0B /* Project object */ = {
			isa = PBXProject;
			attributes = {
				LastSwiftUpdateCheck = 1230;
				LastUpgradeCheck = 1230;
				TargetAttributes = {
					489327C225A8341B00F7CA0B = {
						CreatedOnToolsVersion = 12.3;
					};
				};
			};
			buildConfigurationList = 489327BE25A8341B00F7CA0B /* Build configuration list for PBXProject "TodoList" */;
			compatibilityVersion = "Xcode 9.3";
			developmentRegion = en;
			hasScannedForEncodings = 0;
			knownRegions = (
				en,
				Base,
			);
			mainGroup = 489327BA25A8341B00F7CA0B;
			productRefGroup = 489327C425A8341B00F7CA0B /* Products */;
			projectDirPath = "";
			projectRoot = "";
			targets = (
				489327C225A8341B00F7CA0B /* TodoList */,
			);
		};
/* End PBXProject section */

/* Begin PBXResourcesBuildPhase section */
		489327C125A8341B00F7CA0B /* Resources */ = {
			isa = PBXResourcesBuildPhase;
			buildActionMask = 2147483647;
			files = (
				489327D325A8341D00F7CA0B /* LaunchScreen.storyboard in Resources */,
				489327D025A8341D00F7CA0B /* Assets.xcassets in Resources */,
			);
			runOnlyForDeploymentPostprocessing = 0;
		};
/* End PBXResourcesBuildPhase section */

/* Begin PBXSourcesBuildPhase section */
		489327BF25A8341B00F7CA0B /* Sources */ = {
			isa = PBXSourcesBuildPhase;
			buildActionMask = 2147483647;
			files = (
				489327E925A840D600F7CA0B /* TodoTableViewCell.swift in Sources */,
				489327F725A8436800F7CA0B /* UIEdgeInsetsnilAcceptable.swift in Sources */,
				489327F525A8436800F7CA0B /* VerticalStackView.swift in Sources */,
				48DB36CE25A92D100035A257 /* AddEditItemTableViewController.swift in Sources */,
				48DB36D125A931250035A257 /* AddEditIItemTableViewCell.swift in Sources */,
				489327F825A8436800F7CA0B /* UIView+ConstraintLayout.swift in Sources */,
				489327C725A8341B00F7CA0B /* AppDelegate.swift in Sources */,
				489327F625A8436800F7CA0B /* UILabel+LineSpacing.swift in Sources */,
				489327E225A839C300F7CA0B /* TodoListTableViewController.swift in Sources */,
				489327C925A8341B00F7CA0B /* SceneDelegate.swift in Sources */,
				489327DE25A8393600F7CA0B /* Todo.swift in Sources */,
				489327E625A83A8B00F7CA0B /* GlobalVariables.swift in Sources */,
				489327F425A8436800F7CA0B /* HorizontalStackView.swift in Sources */,
			);
			runOnlyForDeploymentPostprocessing = 0;
		};
/* End PBXSourcesBuildPhase section */

/* Begin PBXVariantGroup section */
		489327D125A8341D00F7CA0B /* LaunchScreen.storyboard */ = {
			isa = PBXVariantGroup;
			children = (
				489327D225A8341D00F7CA0B /* Base */,
			);
			name = LaunchScreen.storyboard;
			sourceTree = "<group>";
		};
/* End PBXVariantGroup section */

/* Begin XCBuildConfiguration section */
		489327D525A8341D00F7CA0B /* Debug */ = {
			isa = XCBuildConfiguration;
			buildSettings = {
				ALWAYS_SEARCH_USER_PATHS = NO;
				CLANG_ANALYZER_NONNULL = YES;
				CLANG_ANALYZER_NUMBER_OBJECT_CONVERSION = YES_AGGRESSIVE;
				CLANG_CXX_LANGUAGE_STANDARD = "gnu++14";
				CLANG_CXX_LIBRARY = "libc++";
				CLANG_ENABLE_MODULES = YES;
				CLANG_ENABLE_OBJC_ARC = YES;
				CLANG_ENABLE_OBJC_WEAK = YES;
				CLANG_WARN_BLOCK_CAPTURE_AUTORELEASING = YES;
				CLANG_WARN_BOOL_CONVERSION = YES;
				CLANG_WARN_COMMA = YES;
				CLANG_WARN_CONSTANT_CONVERSION = YES;
				CLANG_WARN_DEPRECATED_OBJC_IMPLEMENTATIONS = YES;
				CLANG_WARN_DIRECT_OBJC_ISA_USAGE = YES_ERROR;
				CLANG_WARN_DOCUMENTATION_COMMENTS = YES;
				CLANG_WARN_EMPTY_BODY = YES;
				CLANG_WARN_ENUM_CONVERSION = YES;
				CLANG_WARN_INFINITE_RECURSION = YES;
				CLANG_WARN_INT_CONVERSION = YES;
				CLANG_WARN_NON_LITERAL_NULL_CONVERSION = YES;
				CLANG_WARN_OBJC_IMPLICIT_RETAIN_SELF = YES;
				CLANG_WARN_OBJC_LITERAL_CONVERSION = YES;
				CLANG_WARN_OBJC_ROOT_CLASS = YES_ERROR;
				CLANG_WARN_QUOTED_INCLUDE_IN_FRAMEWORK_HEADER = YES;
				CLANG_WARN_RANGE_LOOP_ANALYSIS = YES;
				CLANG_WARN_STRICT_PROTOTYPES = YES;
				CLANG_WARN_SUSPICIOUS_MOVE = YES;
				CLANG_WARN_UNGUARDED_AVAILABILITY = YES_AGGRESSIVE;
				CLANG_WARN_UNREACHABLE_CODE = YES;
				CLANG_WARN__DUPLICATE_METHOD_MATCH = YES;
				COPY_PHASE_STRIP = NO;
				DEBUG_INFORMATION_FORMAT = dwarf;
				ENABLE_STRICT_OBJC_MSGSEND = YES;
				ENABLE_TESTABILITY = YES;
				GCC_C_LANGUAGE_STANDARD = gnu11;
				GCC_DYNAMIC_NO_PIC = NO;
				GCC_NO_COMMON_BLOCKS = YES;
				GCC_OPTIMIZATION_LEVEL = 0;
				GCC_PREPROCESSOR_DEFINITIONS = (
					"DEBUG=1",
					"$(inherited)",
				);
				GCC_WARN_64_TO_32_BIT_CONVERSION = YES;
				GCC_WARN_ABOUT_RETURN_TYPE = YES_ERROR;
				GCC_WARN_UNDECLARED_SELECTOR = YES;
				GCC_WARN_UNINITIALIZED_AUTOS = YES_AGGRESSIVE;
				GCC_WARN_UNUSED_FUNCTION = YES;
				GCC_WARN_UNUSED_VARIABLE = YES;
				IPHONEOS_DEPLOYMENT_TARGET = 14.3;
				MTL_ENABLE_DEBUG_INFO = INCLUDE_SOURCE;
				MTL_FAST_MATH = YES;
				ONLY_ACTIVE_ARCH = YES;
				SDKROOT = iphoneos;
				SWIFT_ACTIVE_COMPILATION_CONDITIONS = DEBUG;
				SWIFT_OPTIMIZATION_LEVEL = "-Onone";
			};
			name = Debug;
		};
		489327D625A8341D00F7CA0B /* Release */ = {
			isa = XCBuildConfiguration;
			buildSettings = {
				ALWAYS_SEARCH_USER_PATHS = NO;
				CLANG_ANALYZER_NONNULL = YES;
				CLANG_ANALYZER_NUMBER_OBJECT_CONVERSION = YES_AGGRESSIVE;
				CLANG_CXX_LANGUAGE_STANDARD = "gnu++14";
				CLANG_CXX_LIBRARY = "libc++";
				CLANG_ENABLE_MODULES = YES;
				CLANG_ENABLE_OBJC_ARC = YES;
				CLANG_ENABLE_OBJC_WEAK = YES;
				CLANG_WARN_BLOCK_CAPTURE_AUTORELEASING = YES;
				CLANG_WARN_BOOL_CONVERSION = YES;
				CLANG_WARN_COMMA = YES;
				CLANG_WARN_CONSTANT_CONVERSION = YES;
				CLANG_WARN_DEPRECATED_OBJC_IMPLEMENTATIONS = YES;
				CLANG_WARN_DIRECT_OBJC_ISA_USAGE = YES_ERROR;
				CLANG_WARN_DOCUMENTATION_COMMENTS = YES;
				CLANG_WARN_EMPTY_BODY = YES;
				CLANG_WARN_ENUM_CONVERSION = YES;
				CLANG_WARN_INFINITE_RECURSION = YES;
				CLANG_WARN_INT_CONVERSION = YES;
				CLANG_WARN_NON_LITERAL_NULL_CONVERSION = YES;
				CLANG_WARN_OBJC_IMPLICIT_RETAIN_SELF = YES;
				CLANG_WARN_OBJC_LITERAL_CONVERSION = YES;
				CLANG_WARN_OBJC_ROOT_CLASS = YES_ERROR;
				CLANG_WARN_QUOTED_INCLUDE_IN_FRAMEWORK_HEADER = YES;
				CLANG_WARN_RANGE_LOOP_ANALYSIS = YES;
				CLANG_WARN_STRICT_PROTOTYPES = YES;
				CLANG_WARN_SUSPICIOUS_MOVE = YES;
				CLANG_WARN_UNGUARDED_AVAILABILITY = YES_AGGRESSIVE;
				CLANG_WARN_UNREACHABLE_CODE = YES;
				CLANG_WARN__DUPLICATE_METHOD_MATCH = YES;
				COPY_PHASE_STRIP = NO;
				DEBUG_INFORMATION_FORMAT = "dwarf-with-dsym";
				ENABLE_NS_ASSERTIONS = NO;
				ENABLE_STRICT_OBJC_MSGSEND = YES;
				GCC_C_LANGUAGE_STANDARD = gnu11;
				GCC_NO_COMMON_BLOCKS = YES;
				GCC_WARN_64_TO_32_BIT_CONVERSION = YES;
				GCC_WARN_ABOUT_RETURN_TYPE = YES_ERROR;
				GCC_WARN_UNDECLARED_SELECTOR = YES;
				GCC_WARN_UNINITIALIZED_AUTOS = YES_AGGRESSIVE;
				GCC_WARN_UNUSED_FUNCTION = YES;
				GCC_WARN_UNUSED_VARIABLE = YES;
				IPHONEOS_DEPLOYMENT_TARGET = 14.3;
				MTL_ENABLE_DEBUG_INFO = NO;
				MTL_FAST_MATH = YES;
				SDKROOT = iphoneos;
				SWIFT_COMPILATION_MODE = wholemodule;
				SWIFT_OPTIMIZATION_LEVEL = "-O";
				VALIDATE_PRODUCT = YES;
			};
			name = Release;
		};
		489327D825A8341D00F7CA0B /* Debug */ = {
			isa = XCBuildConfiguration;
			buildSettings = {
				ASSETCATALOG_COMPILER_APPICON_NAME = AppIcon;
				ASSETCATALOG_COMPILER_GLOBAL_ACCENT_COLOR_NAME = AccentColor;
				CODE_SIGN_STYLE = Automatic;
				DEVELOPMENT_TEAM = 2PTMH7A8WP;
				INFOPLIST_FILE = TodoList/Info.plist;
				LD_RUNPATH_SEARCH_PATHS = (
					"$(inherited)",
					"@executable_path/Frameworks",
				);
				PRODUCT_BUNDLE_IDENTIFIER = com.TakayukiYamaguchi.TodoList;
				PRODUCT_NAME = "$(TARGET_NAME)";
				SWIFT_VERSION = 5.0;
				TARGETED_DEVICE_FAMILY = "1,2";
			};
			name = Debug;
		};
		489327D925A8341D00F7CA0B /* Release */ = {
			isa = XCBuildConfiguration;
			buildSettings = {
				ASSETCATALOG_COMPILER_APPICON_NAME = AppIcon;
				ASSETCATALOG_COMPILER_GLOBAL_ACCENT_COLOR_NAME = AccentColor;
				CODE_SIGN_STYLE = Automatic;
				DEVELOPMENT_TEAM = 2PTMH7A8WP;
				INFOPLIST_FILE = TodoList/Info.plist;
				LD_RUNPATH_SEARCH_PATHS = (
					"$(inherited)",
					"@executable_path/Frameworks",
				);
				PRODUCT_BUNDLE_IDENTIFIER = com.TakayukiYamaguchi.TodoList;
				PRODUCT_NAME = "$(TARGET_NAME)";
				SWIFT_VERSION = 5.0;
				TARGETED_DEVICE_FAMILY = "1,2";
			};
			name = Release;
		};
/* End XCBuildConfiguration section */

/* Begin XCConfigurationList section */
		489327BE25A8341B00F7CA0B /* Build configuration list for PBXProject "TodoList" */ = {
			isa = XCConfigurationList;
			buildConfigurations = (
				489327D525A8341D00F7CA0B /* Debug */,
				489327D625A8341D00F7CA0B /* Release */,
			);
			defaultConfigurationIsVisible = 0;
			defaultConfigurationName = Release;
		};
		489327D725A8341D00F7CA0B /* Build configuration list for PBXNativeTarget "TodoList" */ = {
			isa = XCConfigurationList;
			buildConfigurations = (
				489327D825A8341D00F7CA0B /* Debug */,
				489327D925A8341D00F7CA0B /* Release */,
			);
			defaultConfigurationIsVisible = 0;
			defaultConfigurationName = Release;
		};
/* End XCConfigurationList section */
	};
	rootObject = 489327BB25A8341B00F7CA0B /* Project object */;
}
